// !$*UTF8*$!
{
	archiveVersion = 1;
	classes = {
	};
	objectVersion = 46;
	objects = {

/* Begin PBXBuildFile section */
		378BF7861F1531AA00AEE7E3 /* AppDelegate.swift in Sources */ = {isa = PBXBuildFile; fileRef = 378BF7851F1531AA00AEE7E3 /* AppDelegate.swift */; };
		378BF7881F1531AA00AEE7E3 /* HomeController.swift in Sources */ = {isa = PBXBuildFile; fileRef = 378BF7871F1531AA00AEE7E3 /* HomeController.swift */; };
		378BF78E1F1531AA00AEE7E3 /* TestApplication.xcdatamodeld in Sources */ = {isa = PBXBuildFile; fileRef = 378BF78C1F1531AA00AEE7E3 /* TestApplication.xcdatamodeld */; };
		378BF7901F1531AA00AEE7E3 /* Assets.xcassets in Resources */ = {isa = PBXBuildFile; fileRef = 378BF78F1F1531AA00AEE7E3 /* Assets.xcassets */; };
		378BF7931F1531AA00AEE7E3 /* LaunchScreen.storyboard in Resources */ = {isa = PBXBuildFile; fileRef = 378BF7911F1531AA00AEE7E3 /* LaunchScreen.storyboard */; };
		378BF7A01F15335000AEE7E3 /* ApiService.swift in Sources */ = {isa = PBXBuildFile; fileRef = 378BF79F1F15335000AEE7E3 /* ApiService.swift */; };
		378BF7A31F1533EF00AEE7E3 /* CountriesDatasource.swift in Sources */ = {isa = PBXBuildFile; fileRef = 378BF7A21F1533EF00AEE7E3 /* CountriesDatasource.swift */; };
		378BF7A61F1534E400AEE7E3 /* Extensions.swift in Sources */ = {isa = PBXBuildFile; fileRef = 378BF7A51F1534E400AEE7E3 /* Extensions.swift */; };
		378BF7A81F15368300AEE7E3 /* Country.swift in Sources */ = {isa = PBXBuildFile; fileRef = 378BF7A71F15368300AEE7E3 /* Country.swift */; };
		378BF7AA1F153BBD00AEE7E3 /* CountryCell.swift in Sources */ = {isa = PBXBuildFile; fileRef = 378BF7A91F153BBD00AEE7E3 /* CountryCell.swift */; };
		378BF7AC1F153BEE00AEE7E3 /* CountryHeaderCell.swift in Sources */ = {isa = PBXBuildFile; fileRef = 378BF7AB1F153BEE00AEE7E3 /* CountryHeaderCell.swift */; };
		378BF7AE1F1549BE00AEE7E3 /* Section.swift in Sources */ = {isa = PBXBuildFile; fileRef = 378BF7AD1F1549BE00AEE7E3 /* Section.swift */; };
		378BF7B01F1559F100AEE7E3 /* CountrySelection.swift in Sources */ = {isa = PBXBuildFile; fileRef = 378BF7AF1F1559F100AEE7E3 /* CountrySelection.swift */; };
		378BF7B21F155A0100AEE7E3 /* CoreData.framework in Frameworks */ = {isa = PBXBuildFile; fileRef = 378BF7B11F155A0100AEE7E3 /* CoreData.framework */; };
		EAE753F1EE1937F58BE017FE /* Pods_TestApplication.framework in Frameworks */ = {isa = PBXBuildFile; fileRef = 9897BC3DD169BDE61FE9ACCA /* Pods_TestApplication.framework */; };
/* End PBXBuildFile section */

/* Begin PBXFileReference section */
		378BF7821F1531AA00AEE7E3 /* TestApplication.app */ = {isa = PBXFileReference; explicitFileType = wrapper.application; includeInIndex = 0; path = TestApplication.app; sourceTree = BUILT_PRODUCTS_DIR; };
		378BF7851F1531AA00AEE7E3 /* AppDelegate.swift */ = {isa = PBXFileReference; lastKnownFileType = sourcecode.swift; path = AppDelegate.swift; sourceTree = "<group>"; };
		378BF7871F1531AA00AEE7E3 /* HomeController.swift */ = {isa = PBXFileReference; lastKnownFileType = sourcecode.swift; path = HomeController.swift; sourceTree = "<group>"; };
		378BF78D1F1531AA00AEE7E3 /* TestApplication.xcdatamodel */ = {isa = PBXFileReference; lastKnownFileType = wrapper.xcdatamodel; path = TestApplication.xcdatamodel; sourceTree = "<group>"; };
		378BF78F1F1531AA00AEE7E3 /* Assets.xcassets */ = {isa = PBXFileReference; lastKnownFileType = folder.assetcatalog; path = Assets.xcassets; sourceTree = "<group>"; };
		378BF7921F1531AA00AEE7E3 /* Base */ = {isa = PBXFileReference; lastKnownFileType = file.storyboard; name = Base; path = Base.lproj/LaunchScreen.storyboard; sourceTree = "<group>"; };
		378BF7941F1531AA00AEE7E3 /* Info.plist */ = {isa = PBXFileReference; lastKnownFileType = text.plist.xml; path = Info.plist; sourceTree = "<group>"; };
		378BF79F1F15335000AEE7E3 /* ApiService.swift */ = {isa = PBXFileReference; fileEncoding = 4; lastKnownFileType = sourcecode.swift; path = ApiService.swift; sourceTree = "<group>"; };
		378BF7A21F1533EF00AEE7E3 /* CountriesDatasource.swift */ = {isa = PBXFileReference; fileEncoding = 4; lastKnownFileType = sourcecode.swift; path = CountriesDatasource.swift; sourceTree = "<group>"; };
		378BF7A51F1534E400AEE7E3 /* Extensions.swift */ = {isa = PBXFileReference; fileEncoding = 4; lastKnownFileType = sourcecode.swift; path = Extensions.swift; sourceTree = "<group>"; };
		378BF7A71F15368300AEE7E3 /* Country.swift */ = {isa = PBXFileReference; fileEncoding = 4; lastKnownFileType = sourcecode.swift; path = Country.swift; sourceTree = "<group>"; };
		378BF7A91F153BBD00AEE7E3 /* CountryCell.swift */ = {isa = PBXFileReference; fileEncoding = 4; lastKnownFileType = sourcecode.swift; path = CountryCell.swift; sourceTree = "<group>"; };
		378BF7AB1F153BEE00AEE7E3 /* CountryHeaderCell.swift */ = {isa = PBXFileReference; fileEncoding = 4; lastKnownFileType = sourcecode.swift; path = CountryHeaderCell.swift; sourceTree = "<group>"; };
		378BF7AD1F1549BE00AEE7E3 /* Section.swift */ = {isa = PBXFileReference; fileEncoding = 4; lastKnownFileType = sourcecode.swift; path = Section.swift; sourceTree = "<group>"; };
		378BF7AF1F1559F100AEE7E3 /* CountrySelection.swift */ = {isa = PBXFileReference; fileEncoding = 4; lastKnownFileType = sourcecode.swift; path = CountrySelection.swift; sourceTree = "<group>"; };
		378BF7B11F155A0100AEE7E3 /* CoreData.framework */ = {isa = PBXFileReference; lastKnownFileType = wrapper.framework; name = CoreData.framework; path = System/Library/Frameworks/CoreData.framework; sourceTree = SDKROOT; };
		5C1027AE43D4AD035A742C9E /* Pods-TestApplication.release.xcconfig */ = {isa = PBXFileReference; includeInIndex = 1; lastKnownFileType = text.xcconfig; name = "Pods-TestApplication.release.xcconfig"; path = "Pods/Target Support Files/Pods-TestApplication/Pods-TestApplication.release.xcconfig"; sourceTree = "<group>"; };
		8ED684381C61595169CFAFB1 /* Pods-TestApplication.debug.xcconfig */ = {isa = PBXFileReference; includeInIndex = 1; lastKnownFileType = text.xcconfig; name = "Pods-TestApplication.debug.xcconfig"; path = "Pods/Target Support Files/Pods-TestApplication/Pods-TestApplication.debug.xcconfig"; sourceTree = "<group>"; };
		9897BC3DD169BDE61FE9ACCA /* Pods_TestApplication.framework */ = {isa = PBXFileReference; explicitFileType = wrapper.framework; includeInIndex = 0; path = Pods_TestApplication.framework; sourceTree = BUILT_PRODUCTS_DIR; };
/* End PBXFileReference section */

/* Begin PBXFrameworksBuildPhase section */
		378BF77F1F1531AA00AEE7E3 /* Frameworks */ = {
			isa = PBXFrameworksBuildPhase;
			buildActionMask = 2147483647;
			files = (
				378BF7B21F155A0100AEE7E3 /* CoreData.framework in Frameworks */,
				EAE753F1EE1937F58BE017FE /* Pods_TestApplication.framework in Frameworks */,
			);
			runOnlyForDeploymentPostprocessing = 0;
		};
/* End PBXFrameworksBuildPhase section */

/* Begin PBXGroup section */
		186AEA204B999595BE1DA2D4 /* Pods */ = {
			isa = PBXGroup;
			children = (
				8ED684381C61595169CFAFB1 /* Pods-TestApplication.debug.xcconfig */,
				5C1027AE43D4AD035A742C9E /* Pods-TestApplication.release.xcconfig */,
			);
			name = Pods;
			sourceTree = "<group>";
		};
		378BF7791F1531AA00AEE7E3 = {
			isa = PBXGroup;
			children = (
				378BF7841F1531AA00AEE7E3 /* TestApplication */,
				378BF7831F1531AA00AEE7E3 /* Products */,
				186AEA204B999595BE1DA2D4 /* Pods */,
				A98D622D86BF70B21B988984 /* Frameworks */,
			);
			sourceTree = "<group>";
		};
		378BF7831F1531AA00AEE7E3 /* Products */ = {
			isa = PBXGroup;
			children = (
				378BF7821F1531AA00AEE7E3 /* TestApplication.app */,
			);
			name = Products;
			sourceTree = "<group>";
		};
		378BF7841F1531AA00AEE7E3 /* TestApplication */ = {
			isa = PBXGroup;
			children = (
				378BF7A41F1534DC00AEE7E3 /* Helpers */,
				378BF7A11F1533E000AEE7E3 /* Datasource */,
				378BF79E1F15334600AEE7E3 /* ApiService */,
				378BF79C1F15320600AEE7E3 /* Model */,
				378BF79B1F15320000AEE7E3 /* View */,
				378BF79A1F1531F700AEE7E3 /* Controller */,
				378BF79D1F15320E00AEE7E3 /* Support */,
			);
			path = TestApplication;
			sourceTree = "<group>";
		};
		378BF79A1F1531F700AEE7E3 /* Controller */ = {
			isa = PBXGroup;
			children = (
				378BF7871F1531AA00AEE7E3 /* HomeController.swift */,
			);
			name = Controller;
			sourceTree = "<group>";
		};
		378BF79B1F15320000AEE7E3 /* View */ = {
			isa = PBXGroup;
			children = (
				378BF7A91F153BBD00AEE7E3 /* CountryCell.swift */,
				378BF7AB1F153BEE00AEE7E3 /* CountryHeaderCell.swift */,
			);
			name = View;
			sourceTree = "<group>";
		};
		378BF79C1F15320600AEE7E3 /* Model */ = {
			isa = PBXGroup;
			children = (
				378BF7A71F15368300AEE7E3 /* Country.swift */,
				378BF7AD1F1549BE00AEE7E3 /* Section.swift */,
				378BF7AF1F1559F100AEE7E3 /* CountrySelection.swift */,
			);
			name = Model;
			sourceTree = "<group>";
		};
		378BF79D1F15320E00AEE7E3 /* Support */ = {
			isa = PBXGroup;
			children = (
				378BF7851F1531AA00AEE7E3 /* AppDelegate.swift */,
				378BF78F1F1531AA00AEE7E3 /* Assets.xcassets */,
				378BF7911F1531AA00AEE7E3 /* LaunchScreen.storyboard */,
				378BF7941F1531AA00AEE7E3 /* Info.plist */,
				378BF78C1F1531AA00AEE7E3 /* TestApplication.xcdatamodeld */,
			);
			name = Support;
			sourceTree = "<group>";
		};
		378BF79E1F15334600AEE7E3 /* ApiService */ = {
			isa = PBXGroup;
			children = (
				378BF79F1F15335000AEE7E3 /* ApiService.swift */,
			);
			name = ApiService;
			sourceTree = "<group>";
		};
		378BF7A11F1533E000AEE7E3 /* Datasource */ = {
			isa = PBXGroup;
			children = (
				378BF7A21F1533EF00AEE7E3 /* CountriesDatasource.swift */,
			);
			name = Datasource;
			sourceTree = "<group>";
		};
		378BF7A41F1534DC00AEE7E3 /* Helpers */ = {
			isa = PBXGroup;
			children = (
				378BF7A51F1534E400AEE7E3 /* Extensions.swift */,
			);
			name = Helpers;
			sourceTree = "<group>";
		};
		A98D622D86BF70B21B988984 /* Frameworks */ = {
			isa = PBXGroup;
			children = (
				378BF7B11F155A0100AEE7E3 /* CoreData.framework */,
				9897BC3DD169BDE61FE9ACCA /* Pods_TestApplication.framework */,
			);
			name = Frameworks;
			sourceTree = "<group>";
		};
/* End PBXGroup section */

/* Begin PBXNativeTarget section */
		378BF7811F1531AA00AEE7E3 /* TestApplication */ = {
			isa = PBXNativeTarget;
			buildConfigurationList = 378BF7971F1531AA00AEE7E3 /* Build configuration list for PBXNativeTarget "TestApplication" */;
			buildPhases = (
				FDB26C1F55D57A73F8D3E99D /* [CP] Check Pods Manifest.lock */,
				378BF77E1F1531AA00AEE7E3 /* Sources */,
				378BF77F1F1531AA00AEE7E3 /* Frameworks */,
				378BF7801F1531AA00AEE7E3 /* Resources */,
				E4F284BC3FCA69B3FBC29AA0 /* [CP] Embed Pods Frameworks */,
				7EEB0FF8215B2E2D713B2B79 /* [CP] Copy Pods Resources */,
			);
			buildRules = (
			);
			dependencies = (
			);
			name = TestApplication;
			productName = TestApplication;
			productReference = 378BF7821F1531AA00AEE7E3 /* TestApplication.app */;
			productType = "com.apple.product-type.application";
		};
/* End PBXNativeTarget section */

/* Begin PBXProject section */
		378BF77A1F1531AA00AEE7E3 /* Project object */ = {
			isa = PBXProject;
			attributes = {
				LastSwiftUpdateCheck = 0830;
				LastUpgradeCheck = 0830;
				ORGANIZATIONNAME = com.igormagurean;
				TargetAttributes = {
					378BF7811F1531AA00AEE7E3 = {
						CreatedOnToolsVersion = 8.3.3;
						DevelopmentTeam = K26G29N85D;
						ProvisioningStyle = Automatic;
					};
				};
			};
			buildConfigurationList = 378BF77D1F1531AA00AEE7E3 /* Build configuration list for PBXProject "TestApplication" */;
			compatibilityVersion = "Xcode 3.2";
			developmentRegion = English;
			hasScannedForEncodings = 0;
			knownRegions = (
				en,
				Base,
			);
			mainGroup = 378BF7791F1531AA00AEE7E3;
			productRefGroup = 378BF7831F1531AA00AEE7E3 /* Products */;
			projectDirPath = "";
			projectRoot = "";
			targets = (
				378BF7811F1531AA00AEE7E3 /* TestApplication */,
			);
		};
/* End PBXProject section */

/* Begin PBXResourcesBuildPhase section */
		378BF7801F1531AA00AEE7E3 /* Resources */ = {
			isa = PBXResourcesBuildPhase;
			buildActionMask = 2147483647;
			files = (
				378BF7931F1531AA00AEE7E3 /* LaunchScreen.storyboard in Resources */,
				378BF7901F1531AA00AEE7E3 /* Assets.xcassets in Resources */,
			);
			runOnlyForDeploymentPostprocessing = 0;
		};
/* End PBXResourcesBuildPhase section */

/* Begin PBXShellScriptBuildPhase section */
		7EEB0FF8215B2E2D713B2B79 /* [CP] Copy Pods Resources */ = {
			isa = PBXShellScriptBuildPhase;
			buildActionMask = 2147483647;
			files = (
			);
			inputPaths = (
			);
			name = "[CP] Copy Pods Resources";
			outputPaths = (
			);
			runOnlyForDeploymentPostprocessing = 0;
			shellPath = /bin/sh;
			shellScript = "\"${SRCROOT}/Pods/Target Support Files/Pods-TestApplication/Pods-TestApplication-resources.sh\"\n";
			showEnvVarsInLog = 0;
		};
		E4F284BC3FCA69B3FBC29AA0 /* [CP] Embed Pods Frameworks */ = {
			isa = PBXShellScriptBuildPhase;
			buildActionMask = 2147483647;
			files = (
			);
			inputPaths = (
			);
			name = "[CP] Embed Pods Frameworks";
			outputPaths = (
			);
			runOnlyForDeploymentPostprocessing = 0;
			shellPath = /bin/sh;
			shellScript = "\"${SRCROOT}/Pods/Target Support Files/Pods-TestApplication/Pods-TestApplication-frameworks.sh\"\n";
			showEnvVarsInLog = 0;
		};
		FDB26C1F55D57A73F8D3E99D /* [CP] Check Pods Manifest.lock */ = {
			isa = PBXShellScriptBuildPhase;
			buildActionMask = 2147483647;
			files = (
			);
			inputPaths = (
			);
			name = "[CP] Check Pods Manifest.lock";
			outputPaths = (
			);
			runOnlyForDeploymentPostprocessing = 0;
			shellPath = /bin/sh;
			shellScript = "diff \"${PODS_ROOT}/../Podfile.lock\" \"${PODS_ROOT}/Manifest.lock\" > /dev/null\nif [ $? != 0 ] ; then\n    # print error to STDERR\n    echo \"error: The sandbox is not in sync with the Podfile.lock. Run 'pod install' or update your CocoaPods installation.\" >&2\n    exit 1\nfi\n";
			showEnvVarsInLog = 0;
		};
/* End PBXShellScriptBuildPhase section */

/* Begin PBXSourcesBuildPhase section */
		378BF77E1F1531AA00AEE7E3 /* Sources */ = {
			isa = PBXSourcesBuildPhase;
			buildActionMask = 2147483647;
			files = (
				378BF7AA1F153BBD00AEE7E3 /* CountryCell.swift in Sources */,
				378BF7AC1F153BEE00AEE7E3 /* CountryHeaderCell.swift in Sources */,
				378BF7A81F15368300AEE7E3 /* Country.swift in Sources */,
				378BF7881F1531AA00AEE7E3 /* HomeController.swift in Sources */,
				378BF7B01F1559F100AEE7E3 /* CountrySelection.swift in Sources */,
				378BF7A61F1534E400AEE7E3 /* Extensions.swift in Sources */,
				378BF7AE1F1549BE00AEE7E3 /* Section.swift in Sources */,
				378BF7861F1531AA00AEE7E3 /* AppDelegate.swift in Sources */,
				378BF7A01F15335000AEE7E3 /* ApiService.swift in Sources */,
				378BF78E1F1531AA00AEE7E3 /* TestApplication.xcdatamodeld in Sources */,
				378BF7A31F1533EF00AEE7E3 /* CountriesDatasource.swift in Sources */,
			);
			runOnlyForDeploymentPostprocessing = 0;
		};
/* End PBXSourcesBuildPhase section */

/* Begin PBXVariantGroup section */
		378BF7911F1531AA00AEE7E3 /* LaunchScreen.storyboard */ = {
			isa = PBXVariantGroup;
			children = (
				378BF7921F1531AA00AEE7E3 /* Base */,
			);
			name = LaunchScreen.storyboard;
			sourceTree = "<group>";
		};
/* End PBXVariantGroup section */

/* Begin XCBuildConfiguration section */
		378BF7951F1531AA00AEE7E3 /* Debug */ = {
			isa = XCBuildConfiguration;
			buildSettings = {
				ALWAYS_SEARCH_USER_PATHS = NO;
				CLANG_ANALYZER_NONNULL = YES;
				CLANG_ANALYZER_NUMBER_OBJECT_CONVERSION = YES_AGGRESSIVE;
				CLANG_CXX_LANGUAGE_STANDARD = "gnu++0x";
				CLANG_CXX_LIBRARY = "libc++";
				CLANG_ENABLE_MODULES = YES;
				CLANG_ENABLE_OBJC_ARC = YES;
				CLANG_WARN_BOOL_CONVERSION = YES;
				CLANG_WARN_CONSTANT_CONVERSION = YES;
				CLANG_WARN_DIRECT_OBJC_ISA_USAGE = YES_ERROR;
				CLANG_WARN_DOCUMENTATION_COMMENTS = YES;
				CLANG_WARN_EMPTY_BODY = YES;
				CLANG_WARN_ENUM_CONVERSION = YES;
				CLANG_WARN_INFINITE_RECURSION = YES;
				CLANG_WARN_INT_CONVERSION = YES;
				CLANG_WARN_OBJC_ROOT_CLASS = YES_ERROR;
				CLANG_WARN_SUSPICIOUS_MOVE = YES;
				CLANG_WARN_UNREACHABLE_CODE = YES;
				CLANG_WARN__DUPLICATE_METHOD_MATCH = YES;
				"CODE_SIGN_IDENTITY[sdk=iphoneos*]" = "iPhone Developer";
				COPY_PHASE_STRIP = NO;
				DEBUG_INFORMATION_FORMAT = dwarf;
				ENABLE_STRICT_OBJC_MSGSEND = YES;
				ENABLE_TESTABILITY = YES;
				GCC_C_LANGUAGE_STANDARD = gnu99;
				GCC_DYNAMIC_NO_PIC = NO;
				GCC_NO_COMMON_BLOCKS = YES;
				GCC_OPTIMIZATION_LEVEL = 0;
				GCC_PREPROCESSOR_DEFINITIONS = (
					"DEBUG=1",
					"$(inherited)",
				);
				GCC_WARN_64_TO_32_BIT_CONVERSION = YES;
				GCC_WARN_ABOUT_RETURN_TYPE = YES_ERROR;
				GCC_WARN_UNDECLARED_SELECTOR = YES;
				GCC_WARN_UNINITIALIZED_AUTOS = YES_AGGRESSIVE;
				GCC_WARN_UNUSED_FUNCTION = YES;
				GCC_WARN_UNUSED_VARIABLE = YES;
				IPHONEOS_DEPLOYMENT_TARGET = 10.3;
				MTL_ENABLE_DEBUG_INFO = YES;
				ONLY_ACTIVE_ARCH = YES;
				SDKROOT = iphoneos;
				SWIFT_ACTIVE_COMPILATION_CONDITIONS = DEBUG;
				SWIFT_OPTIMIZATION_LEVEL = "-Onone";
			};
			name = Debug;
		};
		378BF7961F1531AA00AEE7E3 /* Release */ = {
			isa = XCBuildConfiguration;
			buildSettings = {
				ALWAYS_SEARCH_USER_PATHS = NO;
				CLANG_ANALYZER_NONNULL = YES;
				CLANG_ANALYZER_NUMBER_OBJECT_CONVERSION = YES_AGGRESSIVE;
				CLANG_CXX_LANGUAGE_STANDARD = "gnu++0x";
				CLANG_CXX_LIBRARY = "libc++";
				CLANG_ENABLE_MODULES = YES;
				CLANG_ENABLE_OBJC_ARC = YES;
				CLANG_WARN_BOOL_CONVERSION = YES;
				CLANG_WARN_CONSTANT_CONVERSION = YES;
				CLANG_WARN_DIRECT_OBJC_ISA_USAGE = YES_ERROR;
				CLANG_WARN_DOCUMENTATION_COMMENTS = YES;
				CLANG_WARN_EMPTY_BODY = YES;
				CLANG_WARN_ENUM_CONVERSION = YES;
				CLANG_WARN_INFINITE_RECURSION = YES;
				CLANG_WARN_INT_CONVERSION = YES;
				CLANG_WARN_OBJC_ROOT_CLASS = YES_ERROR;
				CLANG_WARN_SUSPICIOUS_MOVE = YES;
				CLANG_WARN_UNREACHABLE_CODE = YES;
				CLANG_WARN__DUPLICATE_METHOD_MATCH = YES;
				"CODE_SIGN_IDENTITY[sdk=iphoneos*]" = "iPhone Developer";
				COPY_PHASE_STRIP = NO;
				DEBUG_INFORMATION_FORMAT = "dwarf-with-dsym";
				ENABLE_NS_ASSERTIONS = NO;
				ENABLE_STRICT_OBJC_MSGSEND = YES;
				GCC_C_LANGUAGE_STANDARD = gnu99;
				GCC_NO_COMMON_BLOCKS = YES;
				GCC_WARN_64_TO_32_BIT_CONVERSION = YES;
				GCC_WARN_ABOUT_RETURN_TYPE = YES_ERROR;
				GCC_WARN_UNDECLARED_SELECTOR = YES;
				GCC_WARN_UNINITIALIZED_AUTOS = YES_AGGRESSIVE;
				GCC_WARN_UNUSED_FUNCTION = YES;
				GCC_WARN_UNUSED_VARIABLE = YES;
				IPHONEOS_DEPLOYMENT_TARGET = 10.3;
				MTL_ENABLE_DEBUG_INFO = NO;
				SDKROOT = iphoneos;
				SWIFT_OPTIMIZATION_LEVEL = "-Owholemodule";
				VALIDATE_PRODUCT = YES;
			};
			name = Release;
		};
		378BF7981F1531AA00AEE7E3 /* Debug */ = {
			isa = XCBuildConfiguration;
			baseConfigurationReference = 8ED684381C61595169CFAFB1 /* Pods-TestApplication.debug.xcconfig */;
			buildSettings = {
				ASSETCATALOG_COMPILER_APPICON_NAME = AppIcon;
				DEVELOPMENT_TEAM = K26G29N85D;
				INFOPLIST_FILE = TestApplication/Info.plist;
				LD_RUNPATH_SEARCH_PATHS = "$(inherited) @executable_path/Frameworks";
				PRODUCT_BUNDLE_IDENTIFIER = com.igormagurean.TestApplication;
				PRODUCT_NAME = "$(TARGET_NAME)";
				SWIFT_VERSION = 3.0;
			};
			name = Debug;
		};
		378BF7991F1531AA00AEE7E3 /* Release */ = {
			isa = XCBuildConfiguration;
			baseConfigurationReference = 5C1027AE43D4AD035A742C9E /* Pods-TestApplication.release.xcconfig */;
			buildSettings = {
				ASSETCATALOG_COMPILER_APPICON_NAME = AppIcon;
				DEVELOPMENT_TEAM = K26G29N85D;
				INFOPLIST_FILE = TestApplication/Info.plist;
				LD_RUNPATH_SEARCH_PATHS = "$(inherited) @executable_path/Frameworks";
				PRODUCT_BUNDLE_IDENTIFIER = com.igormagurean.TestApplication;
				PRODUCT_NAME = "$(TARGET_NAME)";
				SWIFT_VERSION = 3.0;
			};
			name = Release;
		};
/* End XCBuildConfiguration section */

/* Begin XCConfigurationList section */
		378BF77D1F1531AA00AEE7E3 /* Build configuration list for PBXProject "TestApplication" */ = {
			isa = XCConfigurationList;
			buildConfigurations = (
				378BF7951F1531AA00AEE7E3 /* Debug */,
				378BF7961F1531AA00AEE7E3 /* Release */,
			);
			defaultConfigurationIsVisible = 0;
			defaultConfigurationName = Release;
		};
		378BF7971F1531AA00AEE7E3 /* Build configuration list for PBXNativeTarget "TestApplication" */ = {
			isa = XCConfigurationList;
			buildConfigurations = (
				378BF7981F1531AA00AEE7E3 /* Debug */,
				378BF7991F1531AA00AEE7E3 /* Release */,
			);
			defaultConfigurationIsVisible = 0;
			defaultConfigurationName = Release;
		};
/* End XCConfigurationList section */

/* Begin XCVersionGroup section */
		378BF78C1F1531AA00AEE7E3 /* TestApplication.xcdatamodeld */ = {
			isa = XCVersionGroup;
			children = (
				378BF78D1F1531AA00AEE7E3 /* TestApplication.xcdatamodel */,
			);
			currentVersion = 378BF78D1F1531AA00AEE7E3 /* TestApplication.xcdatamodel */;
			path = TestApplication.xcdatamodeld;
			sourceTree = "<group>";
			versionGroupType = wrapper.xcdatamodel;
		};
/* End XCVersionGroup section */
	};
	rootObject = 378BF77A1F1531AA00AEE7E3 /* Project object */;
}
